
Microsoft Visual Studio Solution File, Format Version 12.00
# Visual Studio Version 17
VisualStudioVersion = 17.5.002.0
MinimumVisualStudioVersion = 10.0.40219.1
Project("{9A19103F-16F7-4668-BE54-9A1E7A4F7556}") = "Events", "Events\Events.csproj", "{4F38AF25-501F-4C47-8AB9-F29DFD68937E}"
EndProject
Project("{9A19103F-16F7-4668-BE54-9A1E7A4F7556}") = "ObserverDesignPattern", "ObserverDesignPattern\ObserverDesignPattern.csproj", "{ABE8EE3D-20FD-4BD3-99B0-C67A4D882B17}"
EndProject
Project("{9A19103F-16F7-4668-BE54-9A1E7A4F7556}") = "Classes", "Classes\Classes.csproj", "{6DCEC5BD-03D4-4653-B586-487A1584EF68}"
EndProject
Project("{9A19103F-16F7-4668-BE54-9A1E7A4F7556}") = "IEnumerable_IEnumerator", "IEnumerable&IEnumerator\IEnumerable_IEnumerator.csproj", "{7B51900F-E134-46BC-8B92-2D0DC56CBEA4}"
EndProject
Project("{9A19103F-16F7-4668-BE54-9A1E7A4F7556}") = "Indexer", "Indexer\Indexer.csproj", "{8F7C8781-8276-4DD8-A199-BA301DAA16B2}"
EndProject
Project("{9A19103F-16F7-4668-BE54-9A1E7A4F7556}") = "IEnumerable_IEnumeratorGeneric", "IEnumerable&IEnumeratorGeneric\IEnumerable_IEnumeratorGeneric.csproj", "{8BA76DC3-2DFA-401F-A866-A733A0210EA4}"
EndProject
Project("{9A19103F-16F7-4668-BE54-9A1E7A4F7556}") = "Collections", "Collections\Collections.csproj", "{EB48B47E-E218-4A0E-B2EF-C818AA3D45E6}"
EndProject
Project("{9A19103F-16F7-4668-BE54-9A1E7A4F7556}") = "IComparable", "IComparable&IComparer\IComparable.csproj", "{57FB2593-3335-4F36-91F4-2494880F70F8}"
EndProject
Project("{9A19103F-16F7-4668-BE54-9A1E7A4F7556}") = "OperatorCustomization", "LogicalOperatorCustomization\OperatorCustomization.csproj", "{5A4B523A-0590-458E-8A97-6CD9F43423F4}"
EndProject
Project("{9A19103F-16F7-4668-BE54-9A1E7A4F7556}") = "IComparer", "IComparer\IComparer.csproj", "{C5F29F0E-1512-4D17-83E3-40A2081945BA}"
EndProject
Project("{9A19103F-16F7-4668-BE54-9A1E7A4F7556}") = "ClassesRelations", "ClassesRelations\ClassesRelations.csproj", "{A20A8B9F-4F82-4660-987E-C2E54E83C57B}"
EndProject
Project("{9A19103F-16F7-4668-BE54-9A1E7A4F7556}") = "Yield_Return", "Yeild_Return\Yield_Return.csproj", "{3F605CA6-A27A-4C93-B238-42545A90F3B5}"
EndProject
Project("{9A19103F-16F7-4668-BE54-9A1E7A4F7556}") = "IQueryable_IEnumerable", "IQueryable_IEnumerable\IQueryable_IEnumerable.csproj", "{16FF6A68-6C46-4BAB-B76A-0FC5F55A18D9}"
EndProject
Project("{9A19103F-16F7-4668-BE54-9A1E7A4F7556}") = "LinQ", "LinQ\LinQ.csproj", "{C78EDC17-6813-4016-BC76-D565642E613C}"
EndProject
Project("{9A19103F-16F7-4668-BE54-9A1E7A4F7556}") = "Extension_Methods", "Extension_Methods\Extension_Methods.csproj", "{0046A08D-F17F-4FA3-A878-661850F79E04}"
EndProject
Project("{9A19103F-16F7-4668-BE54-9A1E7A4F7556}") = "Eager_Deferred", "Eager_Deferred\Eager_Deferred.csproj", "{AF8609FE-FEB5-4170-B875-45F83E982568}"
EndProject
Project("{9A19103F-16F7-4668-BE54-9A1E7A4F7556}") = "Dependency_Injection", "DependencyInjection\Dependency_Injection.csproj", "{3A3BE8FB-696C-407F-9649-5762E9E2AC5D}"
EndProject
Project("{9A19103F-16F7-4668-BE54-9A1E7A4F7556}") = "EntityFrameworkCore", "EntityFrameworkCore\EntityFrameworkCore.csproj", "{7A474331-641D-406B-A846-319801D03982}"
EndProject
Project("{9A19103F-16F7-4668-BE54-9A1E7A4F7556}") = "Constructors", "Constructors\Constructors.csproj", "{5FCDD210-3DE4-4C83-AB5C-ACF8C39D83CB}"
EndProject
Project("{9A19103F-16F7-4668-BE54-9A1E7A4F7556}") = "EF_FluentAPI", "EF_FluentAPI\EF_FluentAPI.csproj", "{5E334632-B457-4E59-BC34-B5138DB6C7C8}"
EndProject
Project("{9A19103F-16F7-4668-BE54-9A1E7A4F7556}") = "Async_Await", "Async_Await\Async_Await.csproj", "{A3C5E5E7-C653-49B8-AA8D-5A742FCD48A9}"
EndProject
Project("{2150E333-8FDC-42A3-9474-1A3956D46DE8}") = "ConsoleApps", "ConsoleApps", "{83F4B538-AB20-4ABC-8603-487F2D96E690}"
EndProject
Project("{9A19103F-16F7-4668-BE54-9A1E7A4F7556}") = "MVC Core", "MVC Core\MVC Core.csproj", "{1876EF8B-4BFB-4B6F-8097-2B49FC2EEDC8}"
EndProject
Global
	GlobalSection(SolutionConfigurationPlatforms) = preSolution
		Debug|Any CPU = Debug|Any CPU
		Release|Any CPU = Release|Any CPU
	EndGlobalSection
	GlobalSection(ProjectConfigurationPlatforms) = postSolution
		{4F38AF25-501F-4C47-8AB9-F29DFD68937E}.Debug|Any CPU.ActiveCfg = Debug|Any CPU
		{4F38AF25-501F-4C47-8AB9-F29DFD68937E}.Debug|Any CPU.Build.0 = Debug|Any CPU
		{4F38AF25-501F-4C47-8AB9-F29DFD68937E}.Release|Any CPU.ActiveCfg = Release|Any CPU
		{4F38AF25-501F-4C47-8AB9-F29DFD68937E}.Release|Any CPU.Build.0 = Release|Any CPU
		{ABE8EE3D-20FD-4BD3-99B0-C67A4D882B17}.Debug|Any CPU.ActiveCfg = Debug|Any CPU
		{ABE8EE3D-20FD-4BD3-99B0-C67A4D882B17}.Debug|Any CPU.Build.0 = Debug|Any CPU
		{ABE8EE3D-20FD-4BD3-99B0-C67A4D882B17}.Release|Any CPU.ActiveCfg = Release|Any CPU
		{ABE8EE3D-20FD-4BD3-99B0-C67A4D882B17}.Release|Any CPU.Build.0 = Release|Any CPU
		{6DCEC5BD-03D4-4653-B586-487A1584EF68}.Debug|Any CPU.ActiveCfg = Debug|Any CPU
		{6DCEC5BD-03D4-4653-B586-487A1584EF68}.Debug|Any CPU.Build.0 = Debug|Any CPU
		{6DCEC5BD-03D4-4653-B586-487A1584EF68}.Release|Any CPU.ActiveCfg = Release|Any CPU
		{6DCEC5BD-03D4-4653-B586-487A1584EF68}.Release|Any CPU.Build.0 = Release|Any CPU
		{7B51900F-E134-46BC-8B92-2D0DC56CBEA4}.Debug|Any CPU.ActiveCfg = Debug|Any CPU
		{7B51900F-E134-46BC-8B92-2D0DC56CBEA4}.Debug|Any CPU.Build.0 = Debug|Any CPU
		{7B51900F-E134-46BC-8B92-2D0DC56CBEA4}.Release|Any CPU.ActiveCfg = Release|Any CPU
		{7B51900F-E134-46BC-8B92-2D0DC56CBEA4}.Release|Any CPU.Build.0 = Release|Any CPU
		{8F7C8781-8276-4DD8-A199-BA301DAA16B2}.Debug|Any CPU.ActiveCfg = Debug|Any CPU
		{8F7C8781-8276-4DD8-A199-BA301DAA16B2}.Debug|Any CPU.Build.0 = Debug|Any CPU
		{8F7C8781-8276-4DD8-A199-BA301DAA16B2}.Release|Any CPU.ActiveCfg = Release|Any CPU
		{8F7C8781-8276-4DD8-A199-BA301DAA16B2}.Release|Any CPU.Build.0 = Release|Any CPU
		{8BA76DC3-2DFA-401F-A866-A733A0210EA4}.Debug|Any CPU.ActiveCfg = Debug|Any CPU
		{8BA76DC3-2DFA-401F-A866-A733A0210EA4}.Debug|Any CPU.Build.0 = Debug|Any CPU
		{8BA76DC3-2DFA-401F-A866-A733A0210EA4}.Release|Any CPU.ActiveCfg = Release|Any CPU
		{8BA76DC3-2DFA-401F-A866-A733A0210EA4}.Release|Any CPU.Build.0 = Release|Any CPU
		{EB48B47E-E218-4A0E-B2EF-C818AA3D45E6}.Debug|Any CPU.ActiveCfg = Debug|Any CPU
		{EB48B47E-E218-4A0E-B2EF-C818AA3D45E6}.Debug|Any CPU.Build.0 = Debug|Any CPU
		{EB48B47E-E218-4A0E-B2EF-C818AA3D45E6}.Release|Any CPU.ActiveCfg = Release|Any CPU
		{EB48B47E-E218-4A0E-B2EF-C818AA3D45E6}.Release|Any CPU.Build.0 = Release|Any CPU
		{57FB2593-3335-4F36-91F4-2494880F70F8}.Debug|Any CPU.ActiveCfg = Debug|Any CPU
		{57FB2593-3335-4F36-91F4-2494880F70F8}.Debug|Any CPU.Build.0 = Debug|Any CPU
		{57FB2593-3335-4F36-91F4-2494880F70F8}.Release|Any CPU.ActiveCfg = Release|Any CPU
		{57FB2593-3335-4F36-91F4-2494880F70F8}.Release|Any CPU.Build.0 = Release|Any CPU
		{5A4B523A-0590-458E-8A97-6CD9F43423F4}.Debug|Any CPU.ActiveCfg = Debug|Any CPU
		{5A4B523A-0590-458E-8A97-6CD9F43423F4}.Debug|Any CPU.Build.0 = Debug|Any CPU
		{5A4B523A-0590-458E-8A97-6CD9F43423F4}.Release|Any CPU.ActiveCfg = Release|Any CPU
		{5A4B523A-0590-458E-8A97-6CD9F43423F4}.Release|Any CPU.Build.0 = Release|Any CPU
		{C5F29F0E-1512-4D17-83E3-40A2081945BA}.Debug|Any CPU.ActiveCfg = Debug|Any CPU
		{C5F29F0E-1512-4D17-83E3-40A2081945BA}.Debug|Any CPU.Build.0 = Debug|Any CPU
		{C5F29F0E-1512-4D17-83E3-40A2081945BA}.Release|Any CPU.ActiveCfg = Release|Any CPU
		{C5F29F0E-1512-4D17-83E3-40A2081945BA}.Release|Any CPU.Build.0 = Release|Any CPU
		{A20A8B9F-4F82-4660-987E-C2E54E83C57B}.Debug|Any CPU.ActiveCfg = Debug|Any CPU
		{A20A8B9F-4F82-4660-987E-C2E54E83C57B}.Debug|Any CPU.Build.0 = Debug|Any CPU
		{A20A8B9F-4F82-4660-987E-C2E54E83C57B}.Release|Any CPU.ActiveCfg = Release|Any CPU
		{A20A8B9F-4F82-4660-987E-C2E54E83C57B}.Release|Any CPU.Build.0 = Release|Any CPU
		{3F605CA6-A27A-4C93-B238-42545A90F3B5}.Debug|Any CPU.ActiveCfg = Debug|Any CPU
		{3F605CA6-A27A-4C93-B238-42545A90F3B5}.Debug|Any CPU.Build.0 = Debug|Any CPU
		{3F605CA6-A27A-4C93-B238-42545A90F3B5}.Release|Any CPU.ActiveCfg = Release|Any CPU
		{3F605CA6-A27A-4C93-B238-42545A90F3B5}.Release|Any CPU.Build.0 = Release|Any CPU
		{16FF6A68-6C46-4BAB-B76A-0FC5F55A18D9}.Debug|Any CPU.ActiveCfg = Debug|Any CPU
		{16FF6A68-6C46-4BAB-B76A-0FC5F55A18D9}.Debug|Any CPU.Build.0 = Debug|Any CPU
		{16FF6A68-6C46-4BAB-B76A-0FC5F55A18D9}.Release|Any CPU.ActiveCfg = Release|Any CPU
		{16FF6A68-6C46-4BAB-B76A-0FC5F55A18D9}.Release|Any CPU.Build.0 = Release|Any CPU
		{C78EDC17-6813-4016-BC76-D565642E613C}.Debug|Any CPU.ActiveCfg = Debug|Any CPU
		{C78EDC17-6813-4016-BC76-D565642E613C}.Debug|Any CPU.Build.0 = Debug|Any CPU
		{C78EDC17-6813-4016-BC76-D565642E613C}.Release|Any CPU.ActiveCfg = Release|Any CPU
		{C78EDC17-6813-4016-BC76-D565642E613C}.Release|Any CPU.Build.0 = Release|Any CPU
		{0046A08D-F17F-4FA3-A878-661850F79E04}.Debug|Any CPU.ActiveCfg = Debug|Any CPU
		{0046A08D-F17F-4FA3-A878-661850F79E04}.Debug|Any CPU.Build.0 = Debug|Any CPU
		{0046A08D-F17F-4FA3-A878-661850F79E04}.Release|Any CPU.ActiveCfg = Release|Any CPU
		{0046A08D-F17F-4FA3-A878-661850F79E04}.Release|Any CPU.Build.0 = Release|Any CPU
		{AF8609FE-FEB5-4170-B875-45F83E982568}.Debug|Any CPU.ActiveCfg = Debug|Any CPU
		{AF8609FE-FEB5-4170-B875-45F83E982568}.Debug|Any CPU.Build.0 = Debug|Any CPU
		{AF8609FE-FEB5-4170-B875-45F83E982568}.Release|Any CPU.ActiveCfg = Release|Any CPU
		{AF8609FE-FEB5-4170-B875-45F83E982568}.Release|Any CPU.Build.0 = Release|Any CPU
		{3A3BE8FB-696C-407F-9649-5762E9E2AC5D}.Debug|Any CPU.ActiveCfg = Debug|Any CPU
		{3A3BE8FB-696C-407F-9649-5762E9E2AC5D}.Debug|Any CPU.Build.0 = Debug|Any CPU
		{3A3BE8FB-696C-407F-9649-5762E9E2AC5D}.Release|Any CPU.ActiveCfg = Release|Any CPU
		{3A3BE8FB-696C-407F-9649-5762E9E2AC5D}.Release|Any CPU.Build.0 = Release|Any CPU
		{7A474331-641D-406B-A846-319801D03982}.Debug|Any CPU.ActiveCfg = Debug|Any CPU
		{7A474331-641D-406B-A846-319801D03982}.Debug|Any CPU.Build.0 = Debug|Any CPU
		{7A474331-641D-406B-A846-319801D03982}.Release|Any CPU.ActiveCfg = Release|Any CPU
		{7A474331-641D-406B-A846-319801D03982}.Release|Any CPU.Build.0 = Release|Any CPU
		{5FCDD210-3DE4-4C83-AB5C-ACF8C39D83CB}.Debug|Any CPU.ActiveCfg = Debug|Any CPU
		{5FCDD210-3DE4-4C83-AB5C-ACF8C39D83CB}.Debug|Any CPU.Build.0 = Debug|Any CPU
		{5FCDD210-3DE4-4C83-AB5C-ACF8C39D83CB}.Release|Any CPU.ActiveCfg = Release|Any CPU
		{5FCDD210-3DE4-4C83-AB5C-ACF8C39D83CB}.Release|Any CPU.Build.0 = Release|Any CPU
		{5E334632-B457-4E59-BC34-B5138DB6C7C8}.Debug|Any CPU.ActiveCfg = Debug|Any CPU
		{5E334632-B457-4E59-BC34-B5138DB6C7C8}.Debug|Any CPU.Build.0 = Debug|Any CPU
		{5E334632-B457-4E59-BC34-B5138DB6C7C8}.Release|Any CPU.ActiveCfg = Release|Any CPU
		{5E334632-B457-4E59-BC34-B5138DB6C7C8}.Release|Any CPU.Build.0 = Release|Any CPU
		{A3C5E5E7-C653-49B8-AA8D-5A742FCD48A9}.Debug|Any CPU.ActiveCfg = Debug|Any CPU
		{A3C5E5E7-C653-49B8-AA8D-5A742FCD48A9}.Debug|Any CPU.Build.0 = Debug|Any CPU
		{A3C5E5E7-C653-49B8-AA8D-5A742FCD48A9}.Release|Any CPU.ActiveCfg = Release|Any CPU
		{A3C5E5E7-C653-49B8-AA8D-5A742FCD48A9}.Release|Any CPU.Build.0 = Release|Any CPU
		{1876EF8B-4BFB-4B6F-8097-2B49FC2EEDC8}.Debug|Any CPU.ActiveCfg = Debug|Any CPU
		{1876EF8B-4BFB-4B6F-8097-2B49FC2EEDC8}.Debug|Any CPU.Build.0 = Debug|Any CPU
		{1876EF8B-4BFB-4B6F-8097-2B49FC2EEDC8}.Release|Any CPU.ActiveCfg = Release|Any CPU
		{1876EF8B-4BFB-4B6F-8097-2B49FC2EEDC8}.Release|Any CPU.Build.0 = Release|Any CPU
	EndGlobalSection
	GlobalSection(SolutionProperties) = preSolution
		HideSolutionNode = FALSE
	EndGlobalSection
	GlobalSection(NestedProjects) = preSolution
		{4F38AF25-501F-4C47-8AB9-F29DFD68937E} = {83F4B538-AB20-4ABC-8603-487F2D96E690}
		{ABE8EE3D-20FD-4BD3-99B0-C67A4D882B17} = {83F4B538-AB20-4ABC-8603-487F2D96E690}
		{6DCEC5BD-03D4-4653-B586-487A1584EF68} = {83F4B538-AB20-4ABC-8603-487F2D96E690}
		{7B51900F-E134-46BC-8B92-2D0DC56CBEA4} = {83F4B538-AB20-4ABC-8603-487F2D96E690}
		{8F7C8781-8276-4DD8-A199-BA301DAA16B2} = {83F4B538-AB20-4ABC-8603-487F2D96E690}
		{8BA76DC3-2DFA-401F-A866-A733A0210EA4} = {83F4B538-AB20-4ABC-8603-487F2D96E690}
		{EB48B47E-E218-4A0E-B2EF-C818AA3D45E6} = {83F4B538-AB20-4ABC-8603-487F2D96E690}
		{57FB2593-3335-4F36-91F4-2494880F70F8} = {83F4B538-AB20-4ABC-8603-487F2D96E690}
		{5A4B523A-0590-458E-8A97-6CD9F43423F4} = {83F4B538-AB20-4ABC-8603-487F2D96E690}
		{C5F29F0E-1512-4D17-83E3-40A2081945BA} = {83F4B538-AB20-4ABC-8603-487F2D96E690}
		{A20A8B9F-4F82-4660-987E-C2E54E83C57B} = {83F4B538-AB20-4ABC-8603-487F2D96E690}
		{3F605CA6-A27A-4C93-B238-42545A90F3B5} = {83F4B538-AB20-4ABC-8603-487F2D96E690}
		{16FF6A68-6C46-4BAB-B76A-0FC5F55A18D9} = {83F4B538-AB20-4ABC-8603-487F2D96E690}
		{C78EDC17-6813-4016-BC76-D565642E613C} = {83F4B538-AB20-4ABC-8603-487F2D96E690}
		{0046A08D-F17F-4FA3-A878-661850F79E04} = {83F4B538-AB20-4ABC-8603-487F2D96E690}
		{AF8609FE-FEB5-4170-B875-45F83E982568} = {83F4B538-AB20-4ABC-8603-487F2D96E690}
		{3A3BE8FB-696C-407F-9649-5762E9E2AC5D} = {83F4B538-AB20-4ABC-8603-487F2D96E690}
		{7A474331-641D-406B-A846-319801D03982} = {83F4B538-AB20-4ABC-8603-487F2D96E690}
		{5FCDD210-3DE4-4C83-AB5C-ACF8C39D83CB} = {83F4B538-AB20-4ABC-8603-487F2D96E690}
		{5E334632-B457-4E59-BC34-B5138DB6C7C8} = {83F4B538-AB20-4ABC-8603-487F2D96E690}
		{A3C5E5E7-C653-49B8-AA8D-5A742FCD48A9} = {83F4B538-AB20-4ABC-8603-487F2D96E690}
	EndGlobalSection
	GlobalSection(ExtensibilityGlobals) = postSolution
		SolutionGuid = {41E2D1A2-79F4-433A-9647-BB2AEA403E99}
	EndGlobalSection
EndGlobal
