
Microsoft Visual Studio Solution File, Format Version 12.00
# Visual Studio Version 17
VisualStudioVersion = 17.8.34330.188
MinimumVisualStudioVersion = 10.0.40219.1
Project("{9A19103F-16F7-4668-BE54-9A1E7A4F7556}") = "Infrastructure", "Infrastructure\Infrastructure.csproj", "{9E23F22C-C890-43B4-81C0-7B59BD3FBDA1}"
EndProject
Project("{9A19103F-16F7-4668-BE54-9A1E7A4F7556}") = "Web", "Web\Web.csproj", "{BAE459F9-697D-47F5-A64B-ED8BCDB2F608}"
EndProject
Project("{9A19103F-16F7-4668-BE54-9A1E7A4F7556}") = "Core", "Core\Core.csproj", "{E60561E8-3195-4D51-8C03-1CFA15474EE5}"
EndProject
Global
	GlobalSection(SolutionConfigurationPlatforms) = preSolution
		Debug|Any CPU = Debug|Any CPU
		Release|Any CPU = Release|Any CPU
	EndGlobalSection
	GlobalSection(ProjectConfigurationPlatforms) = postSolution
		{9E23F22C-C890-43B4-81C0-7B59BD3FBDA1}.Debug|Any CPU.ActiveCfg = Debug|Any CPU
		{9E23F22C-C890-43B4-81C0-7B59BD3FBDA1}.Debug|Any CPU.Build.0 = Debug|Any CPU
		{9E23F22C-C890-43B4-81C0-7B59BD3FBDA1}.Release|Any CPU.ActiveCfg = Release|Any CPU
		{9E23F22C-C890-43B4-81C0-7B59BD3FBDA1}.Release|Any CPU.Build.0 = Release|Any CPU
		{BAE459F9-697D-47F5-A64B-ED8BCDB2F608}.Debug|Any CPU.ActiveCfg = Debug|Any CPU
		{BAE459F9-697D-47F5-A64B-ED8BCDB2F608}.Debug|Any CPU.Build.0 = Debug|Any CPU
		{BAE459F9-697D-47F5-A64B-ED8BCDB2F608}.Release|Any CPU.ActiveCfg = Release|Any CPU
		{BAE459F9-697D-47F5-A64B-ED8BCDB2F608}.Release|Any CPU.Build.0 = Release|Any CPU
		{E60561E8-3195-4D51-8C03-1CFA15474EE5}.Debug|Any CPU.ActiveCfg = Debug|Any CPU
		{E60561E8-3195-4D51-8C03-1CFA15474EE5}.Debug|Any CPU.Build.0 = Debug|Any CPU
		{E60561E8-3195-4D51-8C03-1CFA15474EE5}.Release|Any CPU.ActiveCfg = Release|Any CPU
		{E60561E8-3195-4D51-8C03-1CFA15474EE5}.Release|Any CPU.Build.0 = Release|Any CPU
	EndGlobalSection
	GlobalSection(SolutionProperties) = preSolution
		HideSolutionNode = FALSE
	EndGlobalSection
	GlobalSection(ExtensibilityGlobals) = postSolution
		SolutionGuid = {0971841F-1437-4CD2-B4D5-10FED0DD50B0}
	EndGlobalSection
EndGlobal
