
Microsoft Visual Studio Solution File, Format Version 12.00
# Visual Studio Version 17
VisualStudioVersion = 17.8.34330.188
MinimumVisualStudioVersion = 10.0.40219.1
Project("{9A19103F-16F7-4668-BE54-9A1E7A4F7556}") = "Infrastructure", "Infrastructure\Infrastructure.csproj", "{9E23F22C-C890-43B4-81C0-7B59BD3FBDA1}"
EndProject
Project("{2150E333-8FDC-42A3-9474-1A3956D46DE8}") = "Core", "Core", "{FBF56CC3-7AE6-AD2D-3F14-7F97FD322CD6}"
EndProject
Project("{FAE04EC0-301F-11D3-BF4B-00C04F79EFBC}") = "Domain", "Core\Domain.csproj", "{40E0E3C1-A201-4A85-9961-60042F7AE6D5}"
EndProject
Project("{2150E333-8FDC-42A3-9474-1A3956D46DE8}") = "Web", "Web", "{256F4E96-6A73-9ABE-786F-840C672A50F4}"
EndProject
Project("{FAE04EC0-301F-11D3-BF4B-00C04F79EFBC}") = "Api", "Web\Api.csproj", "{B4518E4B-970C-4806-A8CD-AE67C4B7D60E}"
EndProject
Project("{2150E333-8FDC-42A3-9474-1A3956D46DE8}") = "Services", "Services", "{5854FF58-B8C5-05C6-5BF2-ACE42193F22B}"
EndProject
Project("{FAE04EC0-301F-11D3-BF4B-00C04F79EFBC}") = "App", "Services\App.csproj", "{509573F1-5F45-4114-A754-437F56A5304E}"
EndProject
Global
	GlobalSection(SolutionConfigurationPlatforms) = preSolution
		Debug|Any CPU = Debug|Any CPU
		Debug|x64 = Debug|x64
		Debug|x86 = Debug|x86
		Release|Any CPU = Release|Any CPU
		Release|x64 = Release|x64
		Release|x86 = Release|x86
	EndGlobalSection
	GlobalSection(ProjectConfigurationPlatforms) = postSolution
		{9E23F22C-C890-43B4-81C0-7B59BD3FBDA1}.Debug|Any CPU.ActiveCfg = Debug|Any CPU
		{9E23F22C-C890-43B4-81C0-7B59BD3FBDA1}.Debug|Any CPU.Build.0 = Debug|Any CPU
		{9E23F22C-C890-43B4-81C0-7B59BD3FBDA1}.Debug|x64.ActiveCfg = Debug|Any CPU
		{9E23F22C-C890-43B4-81C0-7B59BD3FBDA1}.Debug|x64.Build.0 = Debug|Any CPU
		{9E23F22C-C890-43B4-81C0-7B59BD3FBDA1}.Debug|x86.ActiveCfg = Debug|Any CPU
		{9E23F22C-C890-43B4-81C0-7B59BD3FBDA1}.Debug|x86.Build.0 = Debug|Any CPU
		{9E23F22C-C890-43B4-81C0-7B59BD3FBDA1}.Release|Any CPU.ActiveCfg = Release|Any CPU
		{9E23F22C-C890-43B4-81C0-7B59BD3FBDA1}.Release|Any CPU.Build.0 = Release|Any CPU
		{9E23F22C-C890-43B4-81C0-7B59BD3FBDA1}.Release|x64.ActiveCfg = Release|Any CPU
		{9E23F22C-C890-43B4-81C0-7B59BD3FBDA1}.Release|x64.Build.0 = Release|Any CPU
		{9E23F22C-C890-43B4-81C0-7B59BD3FBDA1}.Release|x86.ActiveCfg = Release|Any CPU
		{9E23F22C-C890-43B4-81C0-7B59BD3FBDA1}.Release|x86.Build.0 = Release|Any CPU
		{40E0E3C1-A201-4A85-9961-60042F7AE6D5}.Debug|Any CPU.ActiveCfg = Debug|Any CPU
		{40E0E3C1-A201-4A85-9961-60042F7AE6D5}.Debug|Any CPU.Build.0 = Debug|Any CPU
		{40E0E3C1-A201-4A85-9961-60042F7AE6D5}.Debug|x64.ActiveCfg = Debug|Any CPU
		{40E0E3C1-A201-4A85-9961-60042F7AE6D5}.Debug|x64.Build.0 = Debug|Any CPU
		{40E0E3C1-A201-4A85-9961-60042F7AE6D5}.Debug|x86.ActiveCfg = Debug|Any CPU
		{40E0E3C1-A201-4A85-9961-60042F7AE6D5}.Debug|x86.Build.0 = Debug|Any CPU
		{40E0E3C1-A201-4A85-9961-60042F7AE6D5}.Release|Any CPU.ActiveCfg = Release|Any CPU
		{40E0E3C1-A201-4A85-9961-60042F7AE6D5}.Release|Any CPU.Build.0 = Release|Any CPU
		{40E0E3C1-A201-4A85-9961-60042F7AE6D5}.Release|x64.ActiveCfg = Release|Any CPU
		{40E0E3C1-A201-4A85-9961-60042F7AE6D5}.Release|x64.Build.0 = Release|Any CPU
		{40E0E3C1-A201-4A85-9961-60042F7AE6D5}.Release|x86.ActiveCfg = Release|Any CPU
		{40E0E3C1-A201-4A85-9961-60042F7AE6D5}.Release|x86.Build.0 = Release|Any CPU
		{B4518E4B-970C-4806-A8CD-AE67C4B7D60E}.Debug|Any CPU.ActiveCfg = Debug|Any CPU
		{B4518E4B-970C-4806-A8CD-AE67C4B7D60E}.Debug|Any CPU.Build.0 = Debug|Any CPU
		{B4518E4B-970C-4806-A8CD-AE67C4B7D60E}.Debug|x64.ActiveCfg = Debug|Any CPU
		{B4518E4B-970C-4806-A8CD-AE67C4B7D60E}.Debug|x64.Build.0 = Debug|Any CPU
		{B4518E4B-970C-4806-A8CD-AE67C4B7D60E}.Debug|x86.ActiveCfg = Debug|Any CPU
		{B4518E4B-970C-4806-A8CD-AE67C4B7D60E}.Debug|x86.Build.0 = Debug|Any CPU
		{B4518E4B-970C-4806-A8CD-AE67C4B7D60E}.Release|Any CPU.ActiveCfg = Release|Any CPU
		{B4518E4B-970C-4806-A8CD-AE67C4B7D60E}.Release|Any CPU.Build.0 = Release|Any CPU
		{B4518E4B-970C-4806-A8CD-AE67C4B7D60E}.Release|x64.ActiveCfg = Release|Any CPU
		{B4518E4B-970C-4806-A8CD-AE67C4B7D60E}.Release|x64.Build.0 = Release|Any CPU
		{B4518E4B-970C-4806-A8CD-AE67C4B7D60E}.Release|x86.ActiveCfg = Release|Any CPU
		{B4518E4B-970C-4806-A8CD-AE67C4B7D60E}.Release|x86.Build.0 = Release|Any CPU
		{509573F1-5F45-4114-A754-437F56A5304E}.Debug|Any CPU.ActiveCfg = Debug|Any CPU
		{509573F1-5F45-4114-A754-437F56A5304E}.Debug|Any CPU.Build.0 = Debug|Any CPU
		{509573F1-5F45-4114-A754-437F56A5304E}.Debug|x64.ActiveCfg = Debug|Any CPU
		{509573F1-5F45-4114-A754-437F56A5304E}.Debug|x64.Build.0 = Debug|Any CPU
		{509573F1-5F45-4114-A754-437F56A5304E}.Debug|x86.ActiveCfg = Debug|Any CPU
		{509573F1-5F45-4114-A754-437F56A5304E}.Debug|x86.Build.0 = Debug|Any CPU
		{509573F1-5F45-4114-A754-437F56A5304E}.Release|Any CPU.ActiveCfg = Release|Any CPU
		{509573F1-5F45-4114-A754-437F56A5304E}.Release|Any CPU.Build.0 = Release|Any CPU
		{509573F1-5F45-4114-A754-437F56A5304E}.Release|x64.ActiveCfg = Release|Any CPU
		{509573F1-5F45-4114-A754-437F56A5304E}.Release|x64.Build.0 = Release|Any CPU
		{509573F1-5F45-4114-A754-437F56A5304E}.Release|x86.ActiveCfg = Release|Any CPU
		{509573F1-5F45-4114-A754-437F56A5304E}.Release|x86.Build.0 = Release|Any CPU
	EndGlobalSection
	GlobalSection(SolutionProperties) = preSolution
		HideSolutionNode = FALSE
	EndGlobalSection
	GlobalSection(NestedProjects) = preSolution
		{40E0E3C1-A201-4A85-9961-60042F7AE6D5} = {FBF56CC3-7AE6-AD2D-3F14-7F97FD322CD6}
		{B4518E4B-970C-4806-A8CD-AE67C4B7D60E} = {256F4E96-6A73-9ABE-786F-840C672A50F4}
		{509573F1-5F45-4114-A754-437F56A5304E} = {5854FF58-B8C5-05C6-5BF2-ACE42193F22B}
	EndGlobalSection
	GlobalSection(ExtensibilityGlobals) = postSolution
		SolutionGuid = {0971841F-1437-4CD2-B4D5-10FED0DD50B0}
	EndGlobalSection
EndGlobal
