
Microsoft Visual Studio Solution File, Format Version 12.00
# Visual Studio Version 17
VisualStudioVersion = 17.5.002.0
MinimumVisualStudioVersion = 10.0.40219.1
Project("{9A19103F-16F7-4668-BE54-9A1E7A4F7556}") = "ObserverDesignPattern", "ObserverDesignPattern.csproj", "{C351C176-D329-45EE-8AB1-4B26184A4F2B}"
EndProject
Global
	GlobalSection(SolutionConfigurationPlatforms) = preSolution
		Debug|Any CPU = Debug|Any CPU
		Release|Any CPU = Release|Any CPU
	EndGlobalSection
	GlobalSection(ProjectConfigurationPlatforms) = postSolution
		{C351C176-D329-45EE-8AB1-4B26184A4F2B}.Debug|Any CPU.ActiveCfg = Debug|Any CPU
		{C351C176-D329-45EE-8AB1-4B26184A4F2B}.Debug|Any CPU.Build.0 = Debug|Any CPU
		{C351C176-D329-45EE-8AB1-4B26184A4F2B}.Release|Any CPU.ActiveCfg = Release|Any CPU
		{C351C176-D329-45EE-8AB1-4B26184A4F2B}.Release|Any CPU.Build.0 = Release|Any CPU
	EndGlobalSection
	GlobalSection(SolutionProperties) = preSolution
		HideSolutionNode = FALSE
	EndGlobalSection
	GlobalSection(ExtensibilityGlobals) = postSolution
		SolutionGuid = {41E2D1A2-79F4-433A-9647-BB2AEA403E99}
	EndGlobalSection
EndGlobal
